// !$*UTF8*$!
{
	archiveVersion = 1;
	classes = {
	};
	objectVersion = 46;
	objects = {

/* Begin PBXBuildFile section */
		0000BF981A0EC2400006A632 /* WKPredictiveKeyboardExample.appex in Embed App Extensions */ = {isa = PBXBuildFile; fileRef = 002DF36D1A08340C00DDB371 /* WKPredictiveKeyboardExample.appex */; settings = {ATTRIBUTES = (RemoveHeadersOnCopy, ); }; };
		0000BF9A1A0EECE20006A632 /* Prediction.swift in Sources */ = {isa = PBXBuildFile; fileRef = 0000BF991A0EECE20006A632 /* Prediction.swift */; };
		002DF34A1A0833D000DDB371 /* AppDelegate.swift in Sources */ = {isa = PBXBuildFile; fileRef = 002DF3491A0833D000DDB371 /* AppDelegate.swift */; };
		002DF34C1A0833D000DDB371 /* ViewController.swift in Sources */ = {isa = PBXBuildFile; fileRef = 002DF34B1A0833D000DDB371 /* ViewController.swift */; };
		002DF34F1A0833D000DDB371 /* Main.storyboard in Resources */ = {isa = PBXBuildFile; fileRef = 002DF34D1A0833D000DDB371 /* Main.storyboard */; };
		002DF3511A0833D000DDB371 /* Images.xcassets in Resources */ = {isa = PBXBuildFile; fileRef = 002DF3501A0833D000DDB371 /* Images.xcassets */; };
		002DF3541A0833D000DDB371 /* LaunchScreen.xib in Resources */ = {isa = PBXBuildFile; fileRef = 002DF3521A0833D000DDB371 /* LaunchScreen.xib */; };
		002DF3601A0833D000DDB371 /* WKPredictiveKeyboardSampleTests.swift in Sources */ = {isa = PBXBuildFile; fileRef = 002DF35F1A0833D000DDB371 /* WKPredictiveKeyboardSampleTests.swift */; };
		002DF3811A083C3F00DDB371 /* libsqlite3.0.dylib in Frameworks */ = {isa = PBXBuildFile; fileRef = 002DF3801A083C3F00DDB371 /* libsqlite3.0.dylib */; };
		0071FEE51A0B5802007DD34C /* libsqlite3.0.dylib in Resources */ = {isa = PBXBuildFile; fileRef = 002DF3801A083C3F00DDB371 /* libsqlite3.0.dylib */; };
		0071FEE61A0B5E2B007DD34C /* AppDelegate.swift in Sources */ = {isa = PBXBuildFile; fileRef = 002DF3491A0833D000DDB371 /* AppDelegate.swift */; };
		0071FEE71A0B5E2B007DD34C /* ViewController.swift in Sources */ = {isa = PBXBuildFile; fileRef = 002DF34B1A0833D000DDB371 /* ViewController.swift */; };
		0071FEE91A0B5E2B007DD34C /* KeyboardViewController.swift in Sources */ = {isa = PBXBuildFile; fileRef = 002DF3711A08340C00DDB371 /* KeyboardViewController.swift */; };
		0071FEEA1A0B5E2B007DD34C /* WKPredictiveKeyboardAPI.swift in Sources */ = {isa = PBXBuildFile; fileRef = 002DF37A1A08359C00DDB371 /* WKPredictiveKeyboardAPI.swift */; };
		0071FEEB1A0B5E2B007DD34C /* NGram.swift in Sources */ = {isa = PBXBuildFile; fileRef = 002DF3821A083C8300DDB371 /* NGram.swift */; };
		0071FEEC1A0B5E2B007DD34C /* OneGram.swift in Sources */ = {isa = PBXBuildFile; fileRef = 002DF3841A086F8400DDB371 /* OneGram.swift */; };
		0071FEED1A0B5E2B007DD34C /* TwoGram.swift in Sources */ = {isa = PBXBuildFile; fileRef = 002DF3861A08709A00DDB371 /* TwoGram.swift */; };
		0071FEEE1A0B5E2B007DD34C /* ThreeGram.swift in Sources */ = {isa = PBXBuildFile; fileRef = 002DF3881A0870C200DDB371 /* ThreeGram.swift */; };
		00805B171A0EB708001CBA00 /* File.strings in Resources */ = {isa = PBXBuildFile; fileRef = 00805B161A0EB708001CBA00 /* File.strings */; };
		00805B191A0EB740001CBA00 /* Settings.bundle in Resources */ = {isa = PBXBuildFile; fileRef = 00805B181A0EB740001CBA00 /* Settings.bundle */; };
		00805B1D1A0EB780001CBA00 /* Sr.strings in Resources */ = {isa = PBXBuildFile; fileRef = 00805B1C1A0EB780001CBA00 /* Sr.strings */; };
		00805B211A0EBE05001CBA00 /* Settings.bundle in Resources */ = {isa = PBXBuildFile; fileRef = 00805B181A0EB740001CBA00 /* Settings.bundle */; };
/* End PBXBuildFile section */

/* Begin PBXContainerItemProxy section */
		002DF35A1A0833D000DDB371 /* PBXContainerItemProxy */ = {
			isa = PBXContainerItemProxy;
			containerPortal = 002DF33C1A0833D000DDB371 /* Project object */;
			proxyType = 1;
			remoteGlobalIDString = 002DF3431A0833D000DDB371;
			remoteInfo = WKPredictiveKeyboardSample;
		};
		002DF3731A08340C00DDB371 /* PBXContainerItemProxy */ = {
			isa = PBXContainerItemProxy;
			containerPortal = 002DF33C1A0833D000DDB371 /* Project object */;
			proxyType = 1;
			remoteGlobalIDString = 002DF36C1A08340C00DDB371;
			remoteInfo = WKPredictiveKeyboardExample;
		};
/* End PBXContainerItemProxy section */

/* Begin PBXCopyFilesBuildPhase section */
		002DF3791A08340C00DDB371 /* Embed App Extensions */ = {
			isa = PBXCopyFilesBuildPhase;
			buildActionMask = 2147483647;
			dstPath = "";
			dstSubfolderSpec = 13;
			files = (
				0000BF981A0EC2400006A632 /* WKPredictiveKeyboardExample.appex in Embed App Extensions */,
			);
			name = "Embed App Extensions";
			runOnlyForDeploymentPostprocessing = 0;
		};
/* End PBXCopyFilesBuildPhase section */

/* Begin PBXFileReference section */
		0000BF991A0EECE20006A632 /* Prediction.swift */ = {isa = PBXFileReference; fileEncoding = 4; lastKnownFileType = sourcecode.swift; path = Prediction.swift; sourceTree = "<group>"; };
		002DF3441A0833D000DDB371 /* WKPredictiveKeyboardSample.app */ = {isa = PBXFileReference; explicitFileType = wrapper.application; includeInIndex = 0; path = WKPredictiveKeyboardSample.app; sourceTree = BUILT_PRODUCTS_DIR; };
		002DF3481A0833D000DDB371 /* Info.plist */ = {isa = PBXFileReference; lastKnownFileType = text.plist.xml; path = Info.plist; sourceTree = "<group>"; };
		002DF3491A0833D000DDB371 /* AppDelegate.swift */ = {isa = PBXFileReference; lastKnownFileType = sourcecode.swift; path = AppDelegate.swift; sourceTree = "<group>"; };
		002DF34B1A0833D000DDB371 /* ViewController.swift */ = {isa = PBXFileReference; lastKnownFileType = sourcecode.swift; path = ViewController.swift; sourceTree = "<group>"; };
		002DF34E1A0833D000DDB371 /* Base */ = {isa = PBXFileReference; lastKnownFileType = file.storyboard; name = Base; path = Base.lproj/Main.storyboard; sourceTree = "<group>"; };
		002DF3501A0833D000DDB371 /* Images.xcassets */ = {isa = PBXFileReference; lastKnownFileType = folder.assetcatalog; path = Images.xcassets; sourceTree = "<group>"; };
		002DF3531A0833D000DDB371 /* Base */ = {isa = PBXFileReference; lastKnownFileType = file.xib; name = Base; path = Base.lproj/LaunchScreen.xib; sourceTree = "<group>"; };
		002DF3591A0833D000DDB371 /* WKPredictiveKeyboardSampleTests.xctest */ = {isa = PBXFileReference; explicitFileType = wrapper.cfbundle; includeInIndex = 0; path = WKPredictiveKeyboardSampleTests.xctest; sourceTree = BUILT_PRODUCTS_DIR; };
		002DF35E1A0833D000DDB371 /* Info.plist */ = {isa = PBXFileReference; lastKnownFileType = text.plist.xml; path = Info.plist; sourceTree = "<group>"; };
		002DF35F1A0833D000DDB371 /* WKPredictiveKeyboardSampleTests.swift */ = {isa = PBXFileReference; lastKnownFileType = sourcecode.swift; path = WKPredictiveKeyboardSampleTests.swift; sourceTree = "<group>"; };
		002DF36D1A08340C00DDB371 /* WKPredictiveKeyboardExample.appex */ = {isa = PBXFileReference; explicitFileType = "wrapper.app-extension"; includeInIndex = 0; path = WKPredictiveKeyboardExample.appex; sourceTree = BUILT_PRODUCTS_DIR; };
		002DF3701A08340C00DDB371 /* Info.plist */ = {isa = PBXFileReference; lastKnownFileType = text.plist.xml; path = Info.plist; sourceTree = "<group>"; };
		002DF3711A08340C00DDB371 /* KeyboardViewController.swift */ = {isa = PBXFileReference; lastKnownFileType = sourcecode.swift; path = KeyboardViewController.swift; sourceTree = "<group>"; };
		002DF37A1A08359C00DDB371 /* WKPredictiveKeyboardAPI.swift */ = {isa = PBXFileReference; fileEncoding = 4; lastKnownFileType = sourcecode.swift; path = WKPredictiveKeyboardAPI.swift; sourceTree = "<group>"; };
		002DF3801A083C3F00DDB371 /* libsqlite3.0.dylib */ = {isa = PBXFileReference; lastKnownFileType = "compiled.mach-o.dylib"; name = libsqlite3.0.dylib; path = usr/lib/libsqlite3.0.dylib; sourceTree = SDKROOT; };
		002DF3821A083C8300DDB371 /* NGram.swift */ = {isa = PBXFileReference; fileEncoding = 4; lastKnownFileType = sourcecode.swift; path = NGram.swift; sourceTree = "<group>"; };
		002DF3841A086F8400DDB371 /* OneGram.swift */ = {isa = PBXFileReference; fileEncoding = 4; lastKnownFileType = sourcecode.swift; path = OneGram.swift; sourceTree = "<group>"; };
		002DF3861A08709A00DDB371 /* TwoGram.swift */ = {isa = PBXFileReference; fileEncoding = 4; lastKnownFileType = sourcecode.swift; path = TwoGram.swift; sourceTree = "<group>"; };
		002DF3881A0870C200DDB371 /* ThreeGram.swift */ = {isa = PBXFileReference; fileEncoding = 4; lastKnownFileType = sourcecode.swift; path = ThreeGram.swift; sourceTree = "<group>"; };
		00805B161A0EB708001CBA00 /* File.strings */ = {isa = PBXFileReference; fileEncoding = 4; lastKnownFileType = text.plist.strings; path = File.strings; sourceTree = "<group>"; };
		00805B181A0EB740001CBA00 /* Settings.bundle */ = {isa = PBXFileReference; lastKnownFileType = "wrapper.plug-in"; name = Settings.bundle; path = ../WKPredictiveKeyboardExample/Settings.bundle; sourceTree = "<group>"; };
		00805B1C1A0EB780001CBA00 /* Sr.strings */ = {isa = PBXFileReference; fileEncoding = 4; lastKnownFileType = text.plist.strings; path = Sr.strings; sourceTree = "<group>"; };
/* End PBXFileReference section */

/* Begin PBXFrameworksBuildPhase section */
		002DF3411A0833D000DDB371 /* Frameworks */ = {
			isa = PBXFrameworksBuildPhase;
			buildActionMask = 2147483647;
			files = (
			);
			runOnlyForDeploymentPostprocessing = 0;
		};
		002DF3561A0833D000DDB371 /* Frameworks */ = {
			isa = PBXFrameworksBuildPhase;
			buildActionMask = 2147483647;
			files = (
			);
			runOnlyForDeploymentPostprocessing = 0;
		};
		002DF36A1A08340C00DDB371 /* Frameworks */ = {
			isa = PBXFrameworksBuildPhase;
			buildActionMask = 2147483647;
			files = (
				002DF3811A083C3F00DDB371 /* libsqlite3.0.dylib in Frameworks */,
			);
			runOnlyForDeploymentPostprocessing = 0;
		};
/* End PBXFrameworksBuildPhase section */

/* Begin PBXGroup section */
		002DF33B1A0833D000DDB371 = {
			isa = PBXGroup;
			children = (
				00805B1C1A0EB780001CBA00 /* Sr.strings */,
				002DF3801A083C3F00DDB371 /* libsqlite3.0.dylib */,
				002DF3461A0833D000DDB371 /* WKPredictiveKeyboardSample */,
				002DF35C1A0833D000DDB371 /* WKPredictiveKeyboardSampleTests */,
				002DF36E1A08340C00DDB371 /* WKPredictiveKeyboardExample */,
				002DF3451A0833D000DDB371 /* Products */,
			);
			sourceTree = "<group>";
		};
		002DF3451A0833D000DDB371 /* Products */ = {
			isa = PBXGroup;
			children = (
				002DF3441A0833D000DDB371 /* WKPredictiveKeyboardSample.app */,
				002DF3591A0833D000DDB371 /* WKPredictiveKeyboardSampleTests.xctest */,
				002DF36D1A08340C00DDB371 /* WKPredictiveKeyboardExample.appex */,
			);
			name = Products;
			sourceTree = "<group>";
		};
		002DF3461A0833D000DDB371 /* WKPredictiveKeyboardSample */ = {
			isa = PBXGroup;
			children = (
				002DF3491A0833D000DDB371 /* AppDelegate.swift */,
				002DF34B1A0833D000DDB371 /* ViewController.swift */,
				002DF34D1A0833D000DDB371 /* Main.storyboard */,
				00805B181A0EB740001CBA00 /* Settings.bundle */,
				002DF3501A0833D000DDB371 /* Images.xcassets */,
				002DF3521A0833D000DDB371 /* LaunchScreen.xib */,
				002DF3471A0833D000DDB371 /* Supporting Files */,
			);
			path = WKPredictiveKeyboardSample;
			sourceTree = "<group>";
		};
		002DF3471A0833D000DDB371 /* Supporting Files */ = {
			isa = PBXGroup;
			children = (
				002DF3481A0833D000DDB371 /* Info.plist */,
			);
			name = "Supporting Files";
			sourceTree = "<group>";
		};
		002DF35C1A0833D000DDB371 /* WKPredictiveKeyboardSampleTests */ = {
			isa = PBXGroup;
			children = (
				002DF35F1A0833D000DDB371 /* WKPredictiveKeyboardSampleTests.swift */,
				002DF35D1A0833D000DDB371 /* Supporting Files */,
			);
			path = WKPredictiveKeyboardSampleTests;
			sourceTree = "<group>";
		};
		002DF35D1A0833D000DDB371 /* Supporting Files */ = {
			isa = PBXGroup;
			children = (
				002DF35E1A0833D000DDB371 /* Info.plist */,
			);
			name = "Supporting Files";
			sourceTree = "<group>";
		};
		002DF36E1A08340C00DDB371 /* WKPredictiveKeyboardExample */ = {
			isa = PBXGroup;
			children = (
				002DF3711A08340C00DDB371 /* KeyboardViewController.swift */,
				00805B161A0EB708001CBA00 /* File.strings */,
				002DF37A1A08359C00DDB371 /* WKPredictiveKeyboardAPI.swift */,
				002DF3821A083C8300DDB371 /* NGram.swift */,
				0000BF991A0EECE20006A632 /* Prediction.swift */,
				002DF3841A086F8400DDB371 /* OneGram.swift */,
				002DF3861A08709A00DDB371 /* TwoGram.swift */,
				002DF3881A0870C200DDB371 /* ThreeGram.swift */,
				002DF36F1A08340C00DDB371 /* Supporting Files */,
			);
			path = WKPredictiveKeyboardExample;
			sourceTree = "<group>";
		};
		002DF36F1A08340C00DDB371 /* Supporting Files */ = {
			isa = PBXGroup;
			children = (
				002DF3701A08340C00DDB371 /* Info.plist */,
			);
			name = "Supporting Files";
			sourceTree = "<group>";
		};
/* End PBXGroup section */

/* Begin PBXNativeTarget section */
		002DF3431A0833D000DDB371 /* WKPredictiveKeyboardSample */ = {
			isa = PBXNativeTarget;
			buildConfigurationList = 002DF3631A0833D000DDB371 /* Build configuration list for PBXNativeTarget "WKPredictiveKeyboardSample" */;
			buildPhases = (
				002DF3401A0833D000DDB371 /* Sources */,
				002DF3411A0833D000DDB371 /* Frameworks */,
				002DF3421A0833D000DDB371 /* Resources */,
				002DF3791A08340C00DDB371 /* Embed App Extensions */,
			);
			buildRules = (
			);
			dependencies = (
				002DF3741A08340C00DDB371 /* PBXTargetDependency */,
			);
			name = WKPredictiveKeyboardSample;
			productName = WKPredictiveKeyboardSample;
			productReference = 002DF3441A0833D000DDB371 /* WKPredictiveKeyboardSample.app */;
			productType = "com.apple.product-type.application";
		};
		002DF3581A0833D000DDB371 /* WKPredictiveKeyboardSampleTests */ = {
			isa = PBXNativeTarget;
			buildConfigurationList = 002DF3661A0833D000DDB371 /* Build configuration list for PBXNativeTarget "WKPredictiveKeyboardSampleTests" */;
			buildPhases = (
				002DF3551A0833D000DDB371 /* Sources */,
				002DF3561A0833D000DDB371 /* Frameworks */,
				002DF3571A0833D000DDB371 /* Resources */,
			);
			buildRules = (
			);
			dependencies = (
				002DF35B1A0833D000DDB371 /* PBXTargetDependency */,
			);
			name = WKPredictiveKeyboardSampleTests;
			productName = WKPredictiveKeyboardSampleTests;
			productReference = 002DF3591A0833D000DDB371 /* WKPredictiveKeyboardSampleTests.xctest */;
			productType = "com.apple.product-type.bundle.unit-test";
		};
		002DF36C1A08340C00DDB371 /* WKPredictiveKeyboardExample */ = {
			isa = PBXNativeTarget;
			buildConfigurationList = 002DF3761A08340C00DDB371 /* Build configuration list for PBXNativeTarget "WKPredictiveKeyboardExample" */;
			buildPhases = (
				002DF3691A08340C00DDB371 /* Sources */,
				002DF36A1A08340C00DDB371 /* Frameworks */,
				002DF36B1A08340C00DDB371 /* Resources */,
			);
			buildRules = (
			);
			dependencies = (
			);
			name = WKPredictiveKeyboardExample;
			productName = WKPredictiveKeyboardExample;
			productReference = 002DF36D1A08340C00DDB371 /* WKPredictiveKeyboardExample.appex */;
			productType = "com.apple.product-type.app-extension";
		};
/* End PBXNativeTarget section */

/* Begin PBXProject section */
		002DF33C1A0833D000DDB371 /* Project object */ = {
			isa = PBXProject;
			attributes = {
				LastUpgradeCheck = 0610;
				ORGANIZATIONNAME = "Wanna Koala";
				TargetAttributes = {
					002DF3431A0833D000DDB371 = {
						CreatedOnToolsVersion = 6.1;
					};
					002DF3581A0833D000DDB371 = {
						CreatedOnToolsVersion = 6.1;
						TestTargetID = 002DF3431A0833D000DDB371;
					};
					002DF36C1A08340C00DDB371 = {
						CreatedOnToolsVersion = 6.1;
					};
				};
			};
			buildConfigurationList = 002DF33F1A0833D000DDB371 /* Build configuration list for PBXProject "WKPredictiveKeyboardSample" */;
			compatibilityVersion = "Xcode 3.2";
			developmentRegion = English;
			hasScannedForEncodings = 0;
			knownRegions = (
				en,
				Base,
			);
			mainGroup = 002DF33B1A0833D000DDB371;
			productRefGroup = 002DF3451A0833D000DDB371 /* Products */;
			projectDirPath = "";
			projectRoot = "";
			targets = (
				002DF3431A0833D000DDB371 /* WKPredictiveKeyboardSample */,
				002DF3581A0833D000DDB371 /* WKPredictiveKeyboardSampleTests */,
				002DF36C1A08340C00DDB371 /* WKPredictiveKeyboardExample */,
			);
		};
/* End PBXProject section */

/* Begin PBXResourcesBuildPhase section */
		002DF3421A0833D000DDB371 /* Resources */ = {
			isa = PBXResourcesBuildPhase;
			buildActionMask = 2147483647;
			files = (
				00805B211A0EBE05001CBA00 /* Settings.bundle in Resources */,
				002DF34F1A0833D000DDB371 /* Main.storyboard in Resources */,
				002DF3541A0833D000DDB371 /* LaunchScreen.xib in Resources */,
				002DF3511A0833D000DDB371 /* Images.xcassets in Resources */,
			);
			runOnlyForDeploymentPostprocessing = 0;
		};
		002DF3571A0833D000DDB371 /* Resources */ = {
			isa = PBXResourcesBuildPhase;
			buildActionMask = 2147483647;
			files = (
			);
			runOnlyForDeploymentPostprocessing = 0;
		};
		002DF36B1A08340C00DDB371 /* Resources */ = {
			isa = PBXResourcesBuildPhase;
			buildActionMask = 2147483647;
			files = (
				00805B191A0EB740001CBA00 /* Settings.bundle in Resources */,
				0071FEE51A0B5802007DD34C /* libsqlite3.0.dylib in Resources */,
				00805B171A0EB708001CBA00 /* File.strings in Resources */,
				00805B1D1A0EB780001CBA00 /* Sr.strings in Resources */,
			);
			runOnlyForDeploymentPostprocessing = 0;
		};
/* End PBXResourcesBuildPhase section */

/* Begin PBXSourcesBuildPhase section */
		002DF3401A0833D000DDB371 /* Sources */ = {
			isa = PBXSourcesBuildPhase;
			buildActionMask = 2147483647;
			files = (
				002DF34C1A0833D000DDB371 /* ViewController.swift in Sources */,
				002DF34A1A0833D000DDB371 /* AppDelegate.swift in Sources */,
			);
			runOnlyForDeploymentPostprocessing = 0;
		};
		002DF3551A0833D000DDB371 /* Sources */ = {
			isa = PBXSourcesBuildPhase;
			buildActionMask = 2147483647;
			files = (
				002DF3601A0833D000DDB371 /* WKPredictiveKeyboardSampleTests.swift in Sources */,
			);
			runOnlyForDeploymentPostprocessing = 0;
		};
		002DF3691A08340C00DDB371 /* Sources */ = {
			isa = PBXSourcesBuildPhase;
			buildActionMask = 2147483647;
			files = (
				0071FEE61A0B5E2B007DD34C /* AppDelegate.swift in Sources */,
				0071FEE71A0B5E2B007DD34C /* ViewController.swift in Sources */,
				0000BF9A1A0EECE20006A632 /* Prediction.swift in Sources */,
				0071FEE91A0B5E2B007DD34C /* KeyboardViewController.swift in Sources */,
				0071FEEA1A0B5E2B007DD34C /* WKPredictiveKeyboardAPI.swift in Sources */,
				0071FEEB1A0B5E2B007DD34C /* NGram.swift in Sources */,
				0071FEEC1A0B5E2B007DD34C /* OneGram.swift in Sources */,
				0071FEED1A0B5E2B007DD34C /* TwoGram.swift in Sources */,
				0071FEEE1A0B5E2B007DD34C /* ThreeGram.swift in Sources */,
			);
			runOnlyForDeploymentPostprocessing = 0;
		};
/* End PBXSourcesBuildPhase section */

/* Begin PBXTargetDependency section */
		002DF35B1A0833D000DDB371 /* PBXTargetDependency */ = {
			isa = PBXTargetDependency;
			target = 002DF3431A0833D000DDB371 /* WKPredictiveKeyboardSample */;
			targetProxy = 002DF35A1A0833D000DDB371 /* PBXContainerItemProxy */;
		};
		002DF3741A08340C00DDB371 /* PBXTargetDependency */ = {
			isa = PBXTargetDependency;
			target = 002DF36C1A08340C00DDB371 /* WKPredictiveKeyboardExample */;
			targetProxy = 002DF3731A08340C00DDB371 /* PBXContainerItemProxy */;
		};
/* End PBXTargetDependency section */

/* Begin PBXVariantGroup section */
		002DF34D1A0833D000DDB371 /* Main.storyboard */ = {
			isa = PBXVariantGroup;
			children = (
				002DF34E1A0833D000DDB371 /* Base */,
			);
			name = Main.storyboard;
			sourceTree = "<group>";
		};
		002DF3521A0833D000DDB371 /* LaunchScreen.xib */ = {
			isa = PBXVariantGroup;
			children = (
				002DF3531A0833D000DDB371 /* Base */,
			);
			name = LaunchScreen.xib;
			sourceTree = "<group>";
		};
/* End PBXVariantGroup section */

/* Begin XCBuildConfiguration section */
		002DF3611A0833D000DDB371 /* Debug */ = {
			isa = XCBuildConfiguration;
			buildSettings = {
				ALWAYS_SEARCH_USER_PATHS = NO;
				CLANG_CXX_LANGUAGE_STANDARD = "gnu++0x";
				CLANG_CXX_LIBRARY = "libc++";
				CLANG_ENABLE_MODULES = YES;
				CLANG_ENABLE_OBJC_ARC = YES;
				CLANG_WARN_BOOL_CONVERSION = YES;
				CLANG_WARN_CONSTANT_CONVERSION = YES;
				CLANG_WARN_DIRECT_OBJC_ISA_USAGE = YES_ERROR;
				CLANG_WARN_EMPTY_BODY = YES;
				CLANG_WARN_ENUM_CONVERSION = YES;
				CLANG_WARN_INT_CONVERSION = YES;
				CLANG_WARN_OBJC_ROOT_CLASS = YES_ERROR;
				CLANG_WARN_UNREACHABLE_CODE = YES;
				CLANG_WARN__DUPLICATE_METHOD_MATCH = YES;
				"CODE_SIGN_IDENTITY[sdk=iphoneos*]" = "iPhone Developer";
				COPY_PHASE_STRIP = NO;
				ENABLE_STRICT_OBJC_MSGSEND = YES;
				GCC_C_LANGUAGE_STANDARD = gnu99;
				GCC_DYNAMIC_NO_PIC = NO;
				GCC_OPTIMIZATION_LEVEL = 0;
				GCC_PREPROCESSOR_DEFINITIONS = (
					"DEBUG=1",
					"$(inherited)",
				);
				GCC_SYMBOLS_PRIVATE_EXTERN = NO;
				GCC_WARN_64_TO_32_BIT_CONVERSION = YES;
				GCC_WARN_ABOUT_RETURN_TYPE = YES_ERROR;
				GCC_WARN_UNDECLARED_SELECTOR = YES;
				GCC_WARN_UNINITIALIZED_AUTOS = YES_AGGRESSIVE;
				GCC_WARN_UNUSED_FUNCTION = YES;
				GCC_WARN_UNUSED_VARIABLE = YES;
				IPHONEOS_DEPLOYMENT_TARGET = 8.1;
				MTL_ENABLE_DEBUG_INFO = YES;
				ONLY_ACTIVE_ARCH = YES;
				SDKROOT = iphoneos;
				SWIFT_OPTIMIZATION_LEVEL = "-Onone";
			};
			name = Debug;
		};
		002DF3621A0833D000DDB371 /* Release */ = {
			isa = XCBuildConfiguration;
			buildSettings = {
				ALWAYS_SEARCH_USER_PATHS = NO;
				CLANG_CXX_LANGUAGE_STANDARD = "gnu++0x";
				CLANG_CXX_LIBRARY = "libc++";
				CLANG_ENABLE_MODULES = YES;
				CLANG_ENABLE_OBJC_ARC = YES;
				CLANG_WARN_BOOL_CONVERSION = YES;
				CLANG_WARN_CONSTANT_CONVERSION = YES;
				CLANG_WARN_DIRECT_OBJC_ISA_USAGE = YES_ERROR;
				CLANG_WARN_EMPTY_BODY = YES;
				CLANG_WARN_ENUM_CONVERSION = YES;
				CLANG_WARN_INT_CONVERSION = YES;
				CLANG_WARN_OBJC_ROOT_CLASS = YES_ERROR;
				CLANG_WARN_UNREACHABLE_CODE = YES;
				CLANG_WARN__DUPLICATE_METHOD_MATCH = YES;
				"CODE_SIGN_IDENTITY[sdk=iphoneos*]" = "iPhone Developer";
				COPY_PHASE_STRIP = YES;
				ENABLE_NS_ASSERTIONS = NO;
				ENABLE_STRICT_OBJC_MSGSEND = YES;
				GCC_C_LANGUAGE_STANDARD = gnu99;
				GCC_WARN_64_TO_32_BIT_CONVERSION = YES;
				GCC_WARN_ABOUT_RETURN_TYPE = YES_ERROR;
				GCC_WARN_UNDECLARED_SELECTOR = YES;
				GCC_WARN_UNINITIALIZED_AUTOS = YES_AGGRESSIVE;
				GCC_WARN_UNUSED_FUNCTION = YES;
				GCC_WARN_UNUSED_VARIABLE = YES;
				IPHONEOS_DEPLOYMENT_TARGET = 8.1;
				MTL_ENABLE_DEBUG_INFO = NO;
				SDKROOT = iphoneos;
				VALIDATE_PRODUCT = YES;
			};
			name = Release;
		};
		002DF3641A0833D000DDB371 /* Debug */ = {
			isa = XCBuildConfiguration;
			buildSettings = {
				ASSETCATALOG_COMPILER_APPICON_NAME = AppIcon;
				EMBEDDED_CONTENT_CONTAINS_SWIFT = YES;
				INFOPLIST_FILE = WKPredictiveKeyboardSample/Info.plist;
				LD_RUNPATH_SEARCH_PATHS = "$(inherited) @executable_path/Frameworks";
				PRODUCT_NAME = "$(TARGET_NAME)";
			};
			name = Debug;
		};
		002DF3651A0833D000DDB371 /* Release */ = {
			isa = XCBuildConfiguration;
			buildSettings = {
				ASSETCATALOG_COMPILER_APPICON_NAME = AppIcon;
				EMBEDDED_CONTENT_CONTAINS_SWIFT = YES;
				INFOPLIST_FILE = WKPredictiveKeyboardSample/Info.plist;
				LD_RUNPATH_SEARCH_PATHS = "$(inherited) @executable_path/Frameworks";
				PRODUCT_NAME = "$(TARGET_NAME)";
			};
			name = Release;
		};
		002DF3671A0833D000DDB371 /* Debug */ = {
			isa = XCBuildConfiguration;
			buildSettings = {
				BUNDLE_LOADER = "$(TEST_HOST)";
				FRAMEWORK_SEARCH_PATHS = (
					"$(SDKROOT)/Developer/Library/Frameworks",
					"$(inherited)",
				);
				GCC_PREPROCESSOR_DEFINITIONS = (
					"DEBUG=1",
					"$(inherited)",
				);
				INFOPLIST_FILE = WKPredictiveKeyboardSampleTests/Info.plist;
				LD_RUNPATH_SEARCH_PATHS = "$(inherited) @executable_path/Frameworks @loader_path/Frameworks";
				PRODUCT_NAME = "$(TARGET_NAME)";
				TEST_HOST = "$(BUILT_PRODUCTS_DIR)/WKPredictiveKeyboardSample.app/WKPredictiveKeyboardSample";
			};
			name = Debug;
		};
		002DF3681A0833D000DDB371 /* Release */ = {
			isa = XCBuildConfiguration;
			buildSettings = {
				BUNDLE_LOADER = "$(TEST_HOST)";
				FRAMEWORK_SEARCH_PATHS = (
					"$(SDKROOT)/Developer/Library/Frameworks",
					"$(inherited)",
				);
				INFOPLIST_FILE = WKPredictiveKeyboardSampleTests/Info.plist;
				LD_RUNPATH_SEARCH_PATHS = "$(inherited) @executable_path/Frameworks @loader_path/Frameworks";
				PRODUCT_NAME = "$(TARGET_NAME)";
				TEST_HOST = "$(BUILT_PRODUCTS_DIR)/WKPredictiveKeyboardSample.app/WKPredictiveKeyboardSample";
			};
			name = Release;
		};
		002DF3771A08340C00DDB371 /* Debug */ = {
			isa = XCBuildConfiguration;
			buildSettings = {
				GCC_PREPROCESSOR_DEFINITIONS = (
					"DEBUG=1",
					"$(inherited)",
				);
				INFOPLIST_FILE = WKPredictiveKeyboardExample/Info.plist;
				LD_RUNPATH_SEARCH_PATHS = "$(inherited) @executable_path/Frameworks @executable_path/../../Frameworks";
				PRODUCT_NAME = "$(TARGET_NAME)";
				SKIP_INSTALL = YES;
			};
			name = Debug;
		};
		002DF3781A08340C00DDB371 /* Release */ = {
			isa = XCBuildConfiguration;
			buildSettings = {
				INFOPLIST_FILE = WKPredictiveKeyboardExample/Info.plist;
				LD_RUNPATH_SEARCH_PATHS = "$(inherited) @executable_path/Frameworks @executable_path/../../Frameworks";
				PRODUCT_NAME = "$(TARGET_NAME)";
				SKIP_INSTALL = YES;
			};
			name = Release;
		};
/* End XCBuildConfiguration section */

/* Begin XCConfigurationList section */
		002DF33F1A0833D000DDB371 /* Build configuration list for PBXProject "WKPredictiveKeyboardSample" */ = {
			isa = XCConfigurationList;
			buildConfigurations = (
				002DF3611A0833D000DDB371 /* Debug */,
				002DF3621A0833D000DDB371 /* Release */,
			);
			defaultConfigurationIsVisible = 0;
			defaultConfigurationName = Release;
		};
		002DF3631A0833D000DDB371 /* Build configuration list for PBXNativeTarget "WKPredictiveKeyboardSample" */ = {
			isa = XCConfigurationList;
			buildConfigurations = (
				002DF3641A0833D000DDB371 /* Debug */,
				002DF3651A0833D000DDB371 /* Release */,
			);
			defaultConfigurationIsVisible = 0;
			defaultConfigurationName = Release;
		};
		002DF3661A0833D000DDB371 /* Build configuration list for PBXNativeTarget "WKPredictiveKeyboardSampleTests" */ = {
			isa = XCConfigurationList;
			buildConfigurations = (
				002DF3671A0833D000DDB371 /* Debug */,
				002DF3681A0833D000DDB371 /* Release */,
			);
			defaultConfigurationIsVisible = 0;
			defaultConfigurationName = Release;
		};
		002DF3761A08340C00DDB371 /* Build configuration list for PBXNativeTarget "WKPredictiveKeyboardExample" */ = {
			isa = XCConfigurationList;
			buildConfigurations = (
				002DF3771A08340C00DDB371 /* Debug */,
				002DF3781A08340C00DDB371 /* Release */,
			);
			defaultConfigurationIsVisible = 0;
			defaultConfigurationName = Release;
		};
/* End XCConfigurationList section */
	};
	rootObject = 002DF33C1A0833D000DDB371 /* Project object */;
}
